
Microsoft Visual Studio Solution File, Format Version 12.00
# Visual Studio Version 17
VisualStudioVersion = 17.0.31423.177
MinimumVisualStudioVersion = 10.0.40219.1
Project("{FAE04EC0-301F-11D3-BF4B-00C04F79EFBC}") = "FilmesApi", "FilmesApi\FilmesApi.csproj", "{944314D4-C91A-4961-AF70-3DE889658BDE}"
EndProject
Global
	GlobalSection(SolutionConfigurationPlatforms) = preSolution
		Debug|Any CPU = Debug|Any CPU
		Release|Any CPU = Release|Any CPU
	EndGlobalSection
	GlobalSection(ProjectConfigurationPlatforms) = postSolution
		{944314D4-C91A-4961-AF70-3DE889658BDE}.Debug|Any CPU.ActiveCfg = Debug|Any CPU
		{944314D4-C91A-4961-AF70-3DE889658BDE}.Debug|Any CPU.Build.0 = Debug|Any CPU
		{944314D4-C91A-4961-AF70-3DE889658BDE}.Release|Any CPU.ActiveCfg = Release|Any CPU
		{944314D4-C91A-4961-AF70-3DE889658BDE}.Release|Any CPU.Build.0 = Release|Any CPU
	EndGlobalSection
	GlobalSection(SolutionProperties) = preSolution
		HideSolutionNode = FALSE
	EndGlobalSection
	GlobalSection(ExtensibilityGlobals) = postSolution
		SolutionGuid = {66F3FB4F-C69E-4A6C-AF89-C01EF40D78AE}
	EndGlobalSection
EndGlobal
